
Microsoft Visual Studio Solution File, Format Version 12.00
# Visual Studio Version 16
VisualStudioVersion = 16.0.29519.181
MinimumVisualStudioVersion = 10.0.40219.1
Project("{FAE04EC0-301F-11D3-BF4B-00C04F79EFBC}") = "IoTSimulator", "IoTSimulator\IoTSimulator.csproj", "{069583A3-9E90-4510-A66E-9D0F243A0C36}"
EndProject
Global
	GlobalSection(SolutionConfigurationPlatforms) = preSolution
		Debug|Any CPU = Debug|Any CPU
		Release|Any CPU = Release|Any CPU
	EndGlobalSection
	GlobalSection(ProjectConfigurationPlatforms) = postSolution
		{069583A3-9E90-4510-A66E-9D0F243A0C36}.Debug|Any CPU.ActiveCfg = Debug|Any CPU
		{069583A3-9E90-4510-A66E-9D0F243A0C36}.Debug|Any CPU.Build.0 = Debug|Any CPU
		{069583A3-9E90-4510-A66E-9D0F243A0C36}.Release|Any CPU.ActiveCfg = Release|Any CPU
		{069583A3-9E90-4510-A66E-9D0F243A0C36}.Release|Any CPU.Build.0 = Release|Any CPU
	EndGlobalSection
	GlobalSection(SolutionProperties) = preSolution
		HideSolutionNode = FALSE
	EndGlobalSection
	GlobalSection(ExtensibilityGlobals) = postSolution
		SolutionGuid = {C08D23E1-C0C4-42AA-A8DA-96B463646DF8}
	EndGlobalSection
EndGlobal
